// !$*UTF8*$!
{
	archiveVersion = 1;
	classes = {
	};
	objectVersion = 46;
	objects = {

/* Begin PBXBuildFile section */
		0F6756B81ED9D2FA0064EA01 /* MessageCreated.swift in Sources */ = {isa = PBXBuildFile; fileRef = 0F6756B71ED9D2FA0064EA01 /* MessageCreated.swift */; };
		0F7800A81ED601A50009462A /* AppDelegate.swift in Sources */ = {isa = PBXBuildFile; fileRef = 0F7800A71ED601A50009462A /* AppDelegate.swift */; };
		0F7800AA1ED601A50009462A /* ViewController.swift in Sources */ = {isa = PBXBuildFile; fileRef = 0F7800A91ED601A50009462A /* ViewController.swift */; };
		0F7800AC1ED601A50009462A /* Assets.xcassets in Resources */ = {isa = PBXBuildFile; fileRef = 0F7800AB1ED601A50009462A /* Assets.xcassets */; };
		0F7800AF1ED601A50009462A /* Main.storyboard in Resources */ = {isa = PBXBuildFile; fileRef = 0F7800AD1ED601A50009462A /* Main.storyboard */; };
		0FA1D0AB1ED6E577001B46D8 /* VuashTests.swift in Sources */ = {isa = PBXBuildFile; fileRef = 0FA1D0AA1ED6E577001B46D8 /* VuashTests.swift */; };
		0FAD3FC91ED7101200712533 /* aes.js in Resources */ = {isa = PBXBuildFile; fileRef = 0FAD3FB61ED7101200712533 /* aes.js */; };
		0FAD3FDD1ED7102300712533 /* CryptoJS.swift in Sources */ = {isa = PBXBuildFile; fileRef = 0FAD3FDC1ED7102300712533 /* CryptoJS.swift */; };
		C5A7F605AFC13F98C210A8C8 /* Pods_Vuash.framework in Frameworks */ = {isa = PBXBuildFile; fileRef = 3FE467D4FA6935B5161136B6 /* Pods_Vuash.framework */; };
/* End PBXBuildFile section */

/* Begin PBXContainerItemProxy section */
		0FA1D0AD1ED6E577001B46D8 /* PBXContainerItemProxy */ = {
			isa = PBXContainerItemProxy;
			containerPortal = 0F78009C1ED601A50009462A /* Project object */;
			proxyType = 1;
			remoteGlobalIDString = 0F7800A31ED601A50009462A;
			remoteInfo = Vuash;
		};
/* End PBXContainerItemProxy section */

/* Begin PBXFileReference section */
		0F6756B71ED9D2FA0064EA01 /* MessageCreated.swift */ = {isa = PBXFileReference; fileEncoding = 4; lastKnownFileType = sourcecode.swift; path = MessageCreated.swift; sourceTree = "<group>"; };
		0F7800A41ED601A50009462A /* Vuash.app */ = {isa = PBXFileReference; explicitFileType = wrapper.application; includeInIndex = 0; path = Vuash.app; sourceTree = BUILT_PRODUCTS_DIR; };
		0F7800A71ED601A50009462A /* AppDelegate.swift */ = {isa = PBXFileReference; lastKnownFileType = sourcecode.swift; path = AppDelegate.swift; sourceTree = "<group>"; };
		0F7800A91ED601A50009462A /* ViewController.swift */ = {isa = PBXFileReference; lastKnownFileType = sourcecode.swift; path = ViewController.swift; sourceTree = "<group>"; };
		0F7800AB1ED601A50009462A /* Assets.xcassets */ = {isa = PBXFileReference; lastKnownFileType = folder.assetcatalog; path = Assets.xcassets; sourceTree = "<group>"; };
		0F7800AE1ED601A50009462A /* Base */ = {isa = PBXFileReference; lastKnownFileType = file.storyboard; name = Base; path = Base.lproj/Main.storyboard; sourceTree = "<group>"; };
		0F7800B01ED601A50009462A /* Info.plist */ = {isa = PBXFileReference; lastKnownFileType = text.plist.xml; path = Info.plist; sourceTree = "<group>"; };
		0FA1D0A81ED6E577001B46D8 /* VuashTests.xctest */ = {isa = PBXFileReference; explicitFileType = wrapper.cfbundle; includeInIndex = 0; path = VuashTests.xctest; sourceTree = BUILT_PRODUCTS_DIR; };
		0FA1D0AA1ED6E577001B46D8 /* VuashTests.swift */ = {isa = PBXFileReference; lastKnownFileType = sourcecode.swift; path = VuashTests.swift; sourceTree = "<group>"; };
		0FA1D0AC1ED6E577001B46D8 /* Info.plist */ = {isa = PBXFileReference; lastKnownFileType = text.plist.xml; path = Info.plist; sourceTree = "<group>"; };
		0FAD3FB61ED7101200712533 /* aes.js */ = {isa = PBXFileReference; fileEncoding = 4; lastKnownFileType = sourcecode.javascript; path = aes.js; sourceTree = "<group>"; };
		0FAD3FDC1ED7102300712533 /* CryptoJS.swift */ = {isa = PBXFileReference; fileEncoding = 4; lastKnownFileType = sourcecode.swift; path = CryptoJS.swift; sourceTree = "<group>"; };
		3FE467D4FA6935B5161136B6 /* Pods_Vuash.framework */ = {isa = PBXFileReference; explicitFileType = wrapper.framework; includeInIndex = 0; path = Pods_Vuash.framework; sourceTree = BUILT_PRODUCTS_DIR; };
		9124A7242E481F0643F17B4A /* Pods-Vuash.release.xcconfig */ = {isa = PBXFileReference; includeInIndex = 1; lastKnownFileType = text.xcconfig; name = "Pods-Vuash.release.xcconfig"; path = "Pods/Target Support Files/Pods-Vuash/Pods-Vuash.release.xcconfig"; sourceTree = "<group>"; };
		9E5F0FF851626B26B7A8969C /* Pods-Vuash.debug.xcconfig */ = {isa = PBXFileReference; includeInIndex = 1; lastKnownFileType = text.xcconfig; name = "Pods-Vuash.debug.xcconfig"; path = "Pods/Target Support Files/Pods-Vuash/Pods-Vuash.debug.xcconfig"; sourceTree = "<group>"; };
/* End PBXFileReference section */

/* Begin PBXFrameworksBuildPhase section */
		0F7800A11ED601A50009462A /* Frameworks */ = {
			isa = PBXFrameworksBuildPhase;
			buildActionMask = 2147483647;
			files = (
				C5A7F605AFC13F98C210A8C8 /* Pods_Vuash.framework in Frameworks */,
			);
			runOnlyForDeploymentPostprocessing = 0;
		};
		0FA1D0A51ED6E577001B46D8 /* Frameworks */ = {
			isa = PBXFrameworksBuildPhase;
			buildActionMask = 2147483647;
			files = (
			);
			runOnlyForDeploymentPostprocessing = 0;
		};
/* End PBXFrameworksBuildPhase section */

/* Begin PBXGroup section */
		0F78009B1ED601A50009462A = {
			isa = PBXGroup;
			children = (
				0F7800A61ED601A50009462A /* Vuash */,
				0FA1D0A91ED6E577001B46D8 /* VuashTests */,
				0F7800A51ED601A50009462A /* Products */,
				54D7819B6FA213CB2B4357F9 /* Pods */,
				C4535F5231E440B7C3E29E6C /* Frameworks */,
			);
			sourceTree = "<group>";
		};
		0F7800A51ED601A50009462A /* Products */ = {
			isa = PBXGroup;
			children = (
				0F7800A41ED601A50009462A /* Vuash.app */,
				0FA1D0A81ED6E577001B46D8 /* VuashTests.xctest */,
			);
			name = Products;
			sourceTree = "<group>";
		};
		0F7800A61ED601A50009462A /* Vuash */ = {
			isa = PBXGroup;
			children = (
				0FAD3FDC1ED7102300712533 /* CryptoJS.swift */,
				0FAD3FB61ED7101200712533 /* aes.js */,
				0F7800A71ED601A50009462A /* AppDelegate.swift */,
				0F7800A91ED601A50009462A /* ViewController.swift */,
				0F6756B71ED9D2FA0064EA01 /* MessageCreated.swift */,
				0F7800AB1ED601A50009462A /* Assets.xcassets */,
				0F7800AD1ED601A50009462A /* Main.storyboard */,
				0F7800B01ED601A50009462A /* Info.plist */,
			);
			path = Vuash;
			sourceTree = "<group>";
		};
		0FA1D0A91ED6E577001B46D8 /* VuashTests */ = {
			isa = PBXGroup;
			children = (
				0FA1D0AA1ED6E577001B46D8 /* VuashTests.swift */,
				0FA1D0AC1ED6E577001B46D8 /* Info.plist */,
			);
			path = VuashTests;
			sourceTree = "<group>";
		};
		54D7819B6FA213CB2B4357F9 /* Pods */ = {
			isa = PBXGroup;
			children = (
				9E5F0FF851626B26B7A8969C /* Pods-Vuash.debug.xcconfig */,
				9124A7242E481F0643F17B4A /* Pods-Vuash.release.xcconfig */,
			);
			name = Pods;
			sourceTree = "<group>";
		};
		C4535F5231E440B7C3E29E6C /* Frameworks */ = {
			isa = PBXGroup;
			children = (
				3FE467D4FA6935B5161136B6 /* Pods_Vuash.framework */,
			);
			name = Frameworks;
			sourceTree = "<group>";
		};
/* End PBXGroup section */

/* Begin PBXNativeTarget section */
		0F7800A31ED601A50009462A /* Vuash */ = {
			isa = PBXNativeTarget;
			buildConfigurationList = 0F7800B31ED601A50009462A /* Build configuration list for PBXNativeTarget "Vuash" */;
			buildPhases = (
				BBCFFFE4F68B04DD868CD7E6 /* [CP] Check Pods Manifest.lock */,
				0F7800A01ED601A50009462A /* Sources */,
				0F7800A11ED601A50009462A /* Frameworks */,
				0F7800A21ED601A50009462A /* Resources */,
				0576FA963D47AAA33E87747C /* [CP] Embed Pods Frameworks */,
				1FA0144782ACE5A9AF2A1845 /* [CP] Copy Pods Resources */,
			);
			buildRules = (
			);
			dependencies = (
			);
			name = Vuash;
			productName = Vuash;
			productReference = 0F7800A41ED601A50009462A /* Vuash.app */;
			productType = "com.apple.product-type.application";
		};
		0FA1D0A71ED6E577001B46D8 /* VuashTests */ = {
			isa = PBXNativeTarget;
			buildConfigurationList = 0FA1D0B11ED6E577001B46D8 /* Build configuration list for PBXNativeTarget "VuashTests" */;
			buildPhases = (
				0FA1D0A41ED6E577001B46D8 /* Sources */,
				0FA1D0A51ED6E577001B46D8 /* Frameworks */,
				0FA1D0A61ED6E577001B46D8 /* Resources */,
			);
			buildRules = (
			);
			dependencies = (
				0FA1D0AE1ED6E577001B46D8 /* PBXTargetDependency */,
			);
			name = VuashTests;
			productName = VuashTests;
			productReference = 0FA1D0A81ED6E577001B46D8 /* VuashTests.xctest */;
			productType = "com.apple.product-type.bundle.unit-test";
		};
/* End PBXNativeTarget section */

/* Begin PBXProject section */
		0F78009C1ED601A50009462A /* Project object */ = {
			isa = PBXProject;
			attributes = {
				LastSwiftUpdateCheck = 0830;
				LastUpgradeCheck = 0830;
				ORGANIZATIONNAME = "Jonathan Duarte";
				TargetAttributes = {
					0F7800A31ED601A50009462A = {
						CreatedOnToolsVersion = 8.3.2;
						ProvisioningStyle = Automatic;
					};
					0FA1D0A71ED6E577001B46D8 = {
						CreatedOnToolsVersion = 8.3.2;
						ProvisioningStyle = Automatic;
						TestTargetID = 0F7800A31ED601A50009462A;
					};
				};
			};
			buildConfigurationList = 0F78009F1ED601A50009462A /* Build configuration list for PBXProject "Vuash" */;
			compatibilityVersion = "Xcode 3.2";
			developmentRegion = English;
			hasScannedForEncodings = 0;
			knownRegions = (
				en,
				Base,
			);
			mainGroup = 0F78009B1ED601A50009462A;
			productRefGroup = 0F7800A51ED601A50009462A /* Products */;
			projectDirPath = "";
			projectRoot = "";
			targets = (
				0F7800A31ED601A50009462A /* Vuash */,
				0FA1D0A71ED6E577001B46D8 /* VuashTests */,
			);
		};
/* End PBXProject section */

/* Begin PBXResourcesBuildPhase section */
		0F7800A21ED601A50009462A /* Resources */ = {
			isa = PBXResourcesBuildPhase;
			buildActionMask = 2147483647;
			files = (
				0F7800AC1ED601A50009462A /* Assets.xcassets in Resources */,
				0F7800AF1ED601A50009462A /* Main.storyboard in Resources */,
				0FAD3FC91ED7101200712533 /* aes.js in Resources */,
			);
			runOnlyForDeploymentPostprocessing = 0;
		};
		0FA1D0A61ED6E577001B46D8 /* Resources */ = {
			isa = PBXResourcesBuildPhase;
			buildActionMask = 2147483647;
			files = (
			);
			runOnlyForDeploymentPostprocessing = 0;
		};
/* End PBXResourcesBuildPhase section */

/* Begin PBXShellScriptBuildPhase section */
		0576FA963D47AAA33E87747C /* [CP] Embed Pods Frameworks */ = {
			isa = PBXShellScriptBuildPhase;
			buildActionMask = 2147483647;
			files = (
			);
			inputPaths = (
			);
			name = "[CP] Embed Pods Frameworks";
			outputPaths = (
			);
			runOnlyForDeploymentPostprocessing = 0;
			shellPath = /bin/sh;
			shellScript = "\"${SRCROOT}/Pods/Target Support Files/Pods-Vuash/Pods-Vuash-frameworks.sh\"\n";
			showEnvVarsInLog = 0;
		};
		1FA0144782ACE5A9AF2A1845 /* [CP] Copy Pods Resources */ = {
			isa = PBXShellScriptBuildPhase;
			buildActionMask = 2147483647;
			files = (
			);
			inputPaths = (
			);
			name = "[CP] Copy Pods Resources";
			outputPaths = (
			);
			runOnlyForDeploymentPostprocessing = 0;
			shellPath = /bin/sh;
			shellScript = "\"${SRCROOT}/Pods/Target Support Files/Pods-Vuash/Pods-Vuash-resources.sh\"\n";
			showEnvVarsInLog = 0;
		};
		BBCFFFE4F68B04DD868CD7E6 /* [CP] Check Pods Manifest.lock */ = {
			isa = PBXShellScriptBuildPhase;
			buildActionMask = 2147483647;
			files = (
			);
			inputPaths = (
			);
			name = "[CP] Check Pods Manifest.lock";
			outputPaths = (
			);
			runOnlyForDeploymentPostprocessing = 0;
			shellPath = /bin/sh;
			shellScript = "diff \"${PODS_PODFILE_DIR_PATH}/Podfile.lock\" \"${PODS_ROOT}/Manifest.lock\" > /dev/null\nif [ $? != 0 ] ; then\n    # print error to STDERR\n    echo \"error: The sandbox is not in sync with the Podfile.lock. Run 'pod install' or update your CocoaPods installation.\" >&2\n    exit 1\nfi\n";
			showEnvVarsInLog = 0;
		};
/* End PBXShellScriptBuildPhase section */

/* Begin PBXSourcesBuildPhase section */
		0F7800A01ED601A50009462A /* Sources */ = {
			isa = PBXSourcesBuildPhase;
			buildActionMask = 2147483647;
			files = (
				0F6756B81ED9D2FA0064EA01 /* MessageCreated.swift in Sources */,
				0F7800AA1ED601A50009462A /* ViewController.swift in Sources */,
				0FAD3FDD1ED7102300712533 /* CryptoJS.swift in Sources */,
				0F7800A81ED601A50009462A /* AppDelegate.swift in Sources */,
			);
			runOnlyForDeploymentPostprocessing = 0;
		};
		0FA1D0A41ED6E577001B46D8 /* Sources */ = {
			isa = PBXSourcesBuildPhase;
			buildActionMask = 2147483647;
			files = (
				0FA1D0AB1ED6E577001B46D8 /* VuashTests.swift in Sources */,
			);
			runOnlyForDeploymentPostprocessing = 0;
		};
/* End PBXSourcesBuildPhase section */

/* Begin PBXTargetDependency section */
		0FA1D0AE1ED6E577001B46D8 /* PBXTargetDependency */ = {
			isa = PBXTargetDependency;
			target = 0F7800A31ED601A50009462A /* Vuash */;
			targetProxy = 0FA1D0AD1ED6E577001B46D8 /* PBXContainerItemProxy */;
		};
/* End PBXTargetDependency section */

/* Begin PBXVariantGroup section */
		0F7800AD1ED601A50009462A /* Main.storyboard */ = {
			isa = PBXVariantGroup;
			children = (
				0F7800AE1ED601A50009462A /* Base */,
			);
			name = Main.storyboard;
			sourceTree = "<group>";
		};
/* End PBXVariantGroup section */

/* Begin XCBuildConfiguration section */
		0F7800B11ED601A50009462A /* Debug */ = {
			isa = XCBuildConfiguration;
			buildSettings = {
				ALWAYS_SEARCH_USER_PATHS = NO;
				CLANG_ANALYZER_NONNULL = YES;
				CLANG_ANALYZER_NUMBER_OBJECT_CONVERSION = YES_AGGRESSIVE;
				CLANG_CXX_LANGUAGE_STANDARD = "gnu++0x";
				CLANG_CXX_LIBRARY = "libc++";
				CLANG_ENABLE_MODULES = YES;
				CLANG_ENABLE_OBJC_ARC = YES;
				CLANG_WARN_BOOL_CONVERSION = YES;
				CLANG_WARN_CONSTANT_CONVERSION = YES;
				CLANG_WARN_DIRECT_OBJC_ISA_USAGE = YES_ERROR;
				CLANG_WARN_DOCUMENTATION_COMMENTS = YES;
				CLANG_WARN_EMPTY_BODY = YES;
				CLANG_WARN_ENUM_CONVERSION = YES;
				CLANG_WARN_INFINITE_RECURSION = YES;
				CLANG_WARN_INT_CONVERSION = YES;
				CLANG_WARN_OBJC_ROOT_CLASS = YES_ERROR;
				CLANG_WARN_SUSPICIOUS_MOVE = YES;
				CLANG_WARN_UNREACHABLE_CODE = YES;
				CLANG_WARN__DUPLICATE_METHOD_MATCH = YES;
				CODE_SIGN_IDENTITY = "-";
				COPY_PHASE_STRIP = NO;
				DEBUG_INFORMATION_FORMAT = dwarf;
				ENABLE_STRICT_OBJC_MSGSEND = YES;
				ENABLE_TESTABILITY = YES;
				GCC_C_LANGUAGE_STANDARD = gnu99;
				GCC_DYNAMIC_NO_PIC = NO;
				GCC_NO_COMMON_BLOCKS = YES;
				GCC_OPTIMIZATION_LEVEL = 0;
				GCC_PREPROCESSOR_DEFINITIONS = (
					"DEBUG=1",
					"$(inherited)",
				);
				GCC_WARN_64_TO_32_BIT_CONVERSION = YES;
				GCC_WARN_ABOUT_RETURN_TYPE = YES_ERROR;
				GCC_WARN_UNDECLARED_SELECTOR = YES;
				GCC_WARN_UNINITIALIZED_AUTOS = YES_AGGRESSIVE;
				GCC_WARN_UNUSED_FUNCTION = YES;
				GCC_WARN_UNUSED_VARIABLE = YES;
				MACOSX_DEPLOYMENT_TARGET = 10.12;
				MTL_ENABLE_DEBUG_INFO = YES;
				ONLY_ACTIVE_ARCH = YES;
				SDKROOT = macosx;
				SWIFT_ACTIVE_COMPILATION_CONDITIONS = DEBUG;
				SWIFT_OPTIMIZATION_LEVEL = "-Onone";
			};
			name = Debug;
		};
		0F7800B21ED601A50009462A /* Release */ = {
			isa = XCBuildConfiguration;
			buildSettings = {
				ALWAYS_SEARCH_USER_PATHS = NO;
				CLANG_ANALYZER_NONNULL = YES;
				CLANG_ANALYZER_NUMBER_OBJECT_CONVERSION = YES_AGGRESSIVE;
				CLANG_CXX_LANGUAGE_STANDARD = "gnu++0x";
				CLANG_CXX_LIBRARY = "libc++";
				CLANG_ENABLE_MODULES = YES;
				CLANG_ENABLE_OBJC_ARC = YES;
				CLANG_WARN_BOOL_CONVERSION = YES;
				CLANG_WARN_CONSTANT_CONVERSION = YES;
				CLANG_WARN_DIRECT_OBJC_ISA_USAGE = YES_ERROR;
				CLANG_WARN_DOCUMENTATION_COMMENTS = YES;
				CLANG_WARN_EMPTY_BODY = YES;
				CLANG_WARN_ENUM_CONVERSION = YES;
				CLANG_WARN_INFINITE_RECURSION = YES;
				CLANG_WARN_INT_CONVERSION = YES;
				CLANG_WARN_OBJC_ROOT_CLASS = YES_ERROR;
				CLANG_WARN_SUSPICIOUS_MOVE = YES;
				CLANG_WARN_UNREACHABLE_CODE = YES;
				CLANG_WARN__DUPLICATE_METHOD_MATCH = YES;
				CODE_SIGN_IDENTITY = "-";
				COPY_PHASE_STRIP = NO;
				DEBUG_INFORMATION_FORMAT = "dwarf-with-dsym";
				ENABLE_NS_ASSERTIONS = NO;
				ENABLE_STRICT_OBJC_MSGSEND = YES;
				GCC_C_LANGUAGE_STANDARD = gnu99;
				GCC_NO_COMMON_BLOCKS = YES;
				GCC_WARN_64_TO_32_BIT_CONVERSION = YES;
				GCC_WARN_ABOUT_RETURN_TYPE = YES_ERROR;
				GCC_WARN_UNDECLARED_SELECTOR = YES;
				GCC_WARN_UNINITIALIZED_AUTOS = YES_AGGRESSIVE;
				GCC_WARN_UNUSED_FUNCTION = YES;
				GCC_WARN_UNUSED_VARIABLE = YES;
				MACOSX_DEPLOYMENT_TARGET = 10.12;
				MTL_ENABLE_DEBUG_INFO = NO;
				SDKROOT = macosx;
				SWIFT_OPTIMIZATION_LEVEL = "-Owholemodule";
			};
			name = Release;
		};
		0F7800B41ED601A50009462A /* Debug */ = {
			isa = XCBuildConfiguration;
			baseConfigurationReference = 9E5F0FF851626B26B7A8969C /* Pods-Vuash.debug.xcconfig */;
			buildSettings = {
				ASSETCATALOG_COMPILER_APPICON_NAME = AppIcon;
				COMBINE_HIDPI_IMAGES = YES;
				INFOPLIST_FILE = Vuash/Info.plist;
				LD_RUNPATH_SEARCH_PATHS = "$(inherited) @executable_path/../Frameworks";
				PRODUCT_BUNDLE_IDENTIFIER = br.com.jonathanduarte.Vuash;
				PRODUCT_NAME = "$(TARGET_NAME)";
				SWIFT_VERSION = 3.0;
			};
			name = Debug;
		};
		0F7800B51ED601A50009462A /* Release */ = {
			isa = XCBuildConfiguration;
			baseConfigurationReference = 9124A7242E481F0643F17B4A /* Pods-Vuash.release.xcconfig */;
			buildSettings = {
				ASSETCATALOG_COMPILER_APPICON_NAME = AppIcon;
				COMBINE_HIDPI_IMAGES = YES;
				INFOPLIST_FILE = Vuash/Info.plist;
				LD_RUNPATH_SEARCH_PATHS = "$(inherited) @executable_path/../Frameworks";
				PRODUCT_BUNDLE_IDENTIFIER = br.com.jonathanduarte.Vuash;
				PRODUCT_NAME = "$(TARGET_NAME)";
				SWIFT_VERSION = 3.0;
			};
			name = Release;
		};
		0FA1D0AF1ED6E577001B46D8 /* Debug */ = {
			isa = XCBuildConfiguration;
			buildSettings = {
				BUNDLE_LOADER = "$(TEST_HOST)";
				COMBINE_HIDPI_IMAGES = YES;
				INFOPLIST_FILE = VuashTests/Info.plist;
				LD_RUNPATH_SEARCH_PATHS = "$(inherited) @executable_path/../Frameworks @loader_path/../Frameworks";
				PRODUCT_BUNDLE_IDENTIFIER = br.com.jonathanduarte.VuashTests;
				PRODUCT_NAME = "$(TARGET_NAME)";
				SWIFT_VERSION = 3.0;
				TEST_HOST = "$(BUILT_PRODUCTS_DIR)/Vuash.app/Contents/MacOS/Vuash";
			};
			name = Debug;
		};
		0FA1D0B01ED6E577001B46D8 /* Release */ = {
			isa = XCBuildConfiguration;
			buildSettings = {
				BUNDLE_LOADER = "$(TEST_HOST)";
				COMBINE_HIDPI_IMAGES = YES;
				INFOPLIST_FILE = VuashTests/Info.plist;
				LD_RUNPATH_SEARCH_PATHS = "$(inherited) @executable_path/../Frameworks @loader_path/../Frameworks";
				PRODUCT_BUNDLE_IDENTIFIER = br.com.jonathanduarte.VuashTests;
				PRODUCT_NAME = "$(TARGET_NAME)";
				SWIFT_VERSION = 3.0;
				TEST_HOST = "$(BUILT_PRODUCTS_DIR)/Vuash.app/Contents/MacOS/Vuash";
			};
			name = Release;
		};
/* End XCBuildConfiguration section */

/* Begin XCConfigurationList section */
		0F78009F1ED601A50009462A /* Build configuration list for PBXProject "Vuash" */ = {
			isa = XCConfigurationList;
			buildConfigurations = (
				0F7800B11ED601A50009462A /* Debug */,
				0F7800B21ED601A50009462A /* Release */,
			);
			defaultConfigurationIsVisible = 0;
			defaultConfigurationName = Release;
		};
		0F7800B31ED601A50009462A /* Build configuration list for PBXNativeTarget "Vuash" */ = {
			isa = XCConfigurationList;
			buildConfigurations = (
				0F7800B41ED601A50009462A /* Debug */,
				0F7800B51ED601A50009462A /* Release */,
			);
			defaultConfigurationIsVisible = 0;
			defaultConfigurationName = Release;
		};
		0FA1D0B11ED6E577001B46D8 /* Build configuration list for PBXNativeTarget "VuashTests" */ = {
			isa = XCConfigurationList;
			buildConfigurations = (
				0FA1D0AF1ED6E577001B46D8 /* Debug */,
				0FA1D0B01ED6E577001B46D8 /* Release */,
			);
			defaultConfigurationIsVisible = 0;
			defaultConfigurationName = Release;
		};
/* End XCConfigurationList section */
	};
	rootObject = 0F78009C1ED601A50009462A /* Project object */;
}
